
Microsoft Visual Studio Solution File, Format Version 12.00
# Visual Studio 2013
VisualStudioVersion = 12.0.21005.1
MinimumVisualStudioVersion = 10.0.40219.1
Project("{FAE04EC0-301F-11D3-BF4B-00C04F79EFBC}") = "Knn", "Knn\Knn.csproj", "{C05699F4-17E5-433A-996F-ABD3A985B085}"
EndProject
Project("{FAE04EC0-301F-11D3-BF4B-00C04F79EFBC}") = "ChiSquare", "ChiSquare\ChiSquare.csproj", "{F5169ACD-B9E6-4345-B55C-6E4ECADFD68D}"
EndProject
Global
	GlobalSection(SolutionConfigurationPlatforms) = preSolution
		Debug|Any CPU = Debug|Any CPU
		Release|Any CPU = Release|Any CPU
	EndGlobalSection
	GlobalSection(ProjectConfigurationPlatforms) = postSolution
		{C05699F4-17E5-433A-996F-ABD3A985B085}.Debug|Any CPU.ActiveCfg = Debug|Any CPU
		{C05699F4-17E5-433A-996F-ABD3A985B085}.Debug|Any CPU.Build.0 = Debug|Any CPU
		{C05699F4-17E5-433A-996F-ABD3A985B085}.Release|Any CPU.ActiveCfg = Release|Any CPU
		{C05699F4-17E5-433A-996F-ABD3A985B085}.Release|Any CPU.Build.0 = Release|Any CPU
		{F5169ACD-B9E6-4345-B55C-6E4ECADFD68D}.Debug|Any CPU.ActiveCfg = Debug|Any CPU
		{F5169ACD-B9E6-4345-B55C-6E4ECADFD68D}.Debug|Any CPU.Build.0 = Debug|Any CPU
		{F5169ACD-B9E6-4345-B55C-6E4ECADFD68D}.Release|Any CPU.ActiveCfg = Release|Any CPU
		{F5169ACD-B9E6-4345-B55C-6E4ECADFD68D}.Release|Any CPU.Build.0 = Release|Any CPU
	EndGlobalSection
	GlobalSection(SolutionProperties) = preSolution
		HideSolutionNode = FALSE
	EndGlobalSection
EndGlobal
